<?xml version="1.0" encoding="UTF-8" standalone="yes" ?>
<CodeBlocks_project_file>
	<FileVersion major="1" minor="6" />
	<Project>
		<Option title="RobotFlier" />
		<Option pch_mode="2" />
		<Option compiler="gcc" />
		<Build>
			<Target title="Debug">
				<Option output="build/RobotFlier" prefix_auto="1" extension_auto="1" />
				<Option working_dir="build/" />
				<Option object_output="output/" />
				<Option type="0" />
				<Option compiler="gcc" />
				<Compiler>
					<Add option="-Wnon-virtual-dtor" />
					<Add option="-Wshadow" />
					<Add option="-Winit-self" />
					<Add option="-Wredundant-decls" />
					<Add option="-Wcast-align" />
					<Add option="-Wundef" />
					<Add option="-Wfloat-equal" />
					<Add option="-Winline" />
					<Add option="-Wunreachable-code" />
					<Add option="-Wmissing-declarations" />
					<Add option="-Wmissing-include-dirs" />
					<Add option="-Wswitch-enum" />
					<Add option="-Wswitch-default" />
					<Add option="-Wzero-as-null-pointer-constant" />
					<Add option="-Wmain" />
					<Add option="-pedantic" />
					<Add option="-Wextra" />
					<Add option="-Wall" />
					<Add option="-std=c++11" />
					<Add directory="include" />
				</Compiler>
				<Linker>
					<Add option="-lallegro" />
					<Add option="-lallegro_primitives" />
					<Add option="-lallegro_image" />
					<Add option="-lallegro_audio" />
					<Add option="-lallegro_font" />
					<Add option="-lallegro_color" />
					<Add option="-lallegro_dialog" />
					<Add option="-lallegro_ttf" />
					<Add option="-lallegro_acodec" />
				</Linker>
			</Target>
		</Build>
		<Compiler>
			<Add option="-Wall" />
		</Compiler>
		<Unit filename="include/debrie.h" />
		<Unit filename="include/energy.h" />
		<Unit filename="include/game.h" />
		<Unit filename="include/game_object.h" />
		<Unit filename="include/globals.h" />
		<Unit filename="include/init.h" />
		<Unit filename="include/intro.h" />
		<Unit filename="include/joystickListener.h" />
		<Unit filename="include/keyListener.h" />
		<Unit filename="include/menu.h" />
		<Unit filename="include/mouseListener.h" />
		<Unit filename="include/particle.h" />
		<Unit filename="include/powerup.h" />
		<Unit filename="include/robot.h" />
		<Unit filename="include/state.h" />
		<Unit filename="include/tools.h" />
		<Unit filename="res/resources.rc">
			<Option compilerVar="WINDRES" />
		</Unit>
		<Unit filename="src/debrie.cpp" />
		<Unit filename="src/energy.cpp" />
		<Unit filename="src/game.cpp" />
		<Unit filename="src/game_object.cpp" />
		<Unit filename="src/globals.cpp" />
		<Unit filename="src/init.cpp" />
		<Unit filename="src/intro.cpp" />
		<Unit filename="src/joystickListener.cpp" />
		<Unit filename="src/keyListener.cpp" />
		<Unit filename="src/main.cpp" />
		<Unit filename="src/menu.cpp" />
		<Unit filename="src/mouseListener.cpp" />
		<Unit filename="src/particle.cpp" />
		<Unit filename="src/powerup.cpp" />
		<Unit filename="src/robot.cpp" />
		<Unit filename="src/state.cpp" />
		<Unit filename="src/tools.cpp" />
		<Extensions>
			<code_completion />
			<envvars />
			<debugger />
			<lib_finder disable_auto="1" />
		</Extensions>
	</Project>
</CodeBlocks_project_file>
